
Microsoft Visual Studio Solution File, Format Version 12.00
# Visual Studio Version 17
VisualStudioVersion = 17.0.31903.59
MinimumVisualStudioVersion = 10.0.40219.1
Project("{FAE04EC0-301F-11D3-BF4B-00C04F79EFBC}") = "API", "API\API.csproj", "{1F6CCE09-0897-47A1-85BD-E855F13BA9B7}"
EndProject
Project("{FAE04EC0-301F-11D3-BF4B-00C04F79EFBC}") = "Application", "Application\Application.csproj", "{7A36B287-8BA6-4688-99C2-94E64B648868}"
EndProject
Project("{FAE04EC0-301F-11D3-BF4B-00C04F79EFBC}") = "Domain", "Domain\Domain.csproj", "{91260892-D923-4047-9A98-4FF2C9F86F46}"
EndProject
Project("{FAE04EC0-301F-11D3-BF4B-00C04F79EFBC}") = "Persistence", "Persistence\Persistence.csproj", "{D148104C-6B1D-4468-B6F3-799C5BC7C9B3}"
EndProject
Global
	GlobalSection(SolutionConfigurationPlatforms) = preSolution
		Debug|Any CPU = Debug|Any CPU
		Release|Any CPU = Release|Any CPU
	EndGlobalSection
	GlobalSection(SolutionProperties) = preSolution
		HideSolutionNode = FALSE
	EndGlobalSection
	GlobalSection(ProjectConfigurationPlatforms) = postSolution
		{1F6CCE09-0897-47A1-85BD-E855F13BA9B7}.Debug|Any CPU.ActiveCfg = Debug|Any CPU
		{1F6CCE09-0897-47A1-85BD-E855F13BA9B7}.Debug|Any CPU.Build.0 = Debug|Any CPU
		{1F6CCE09-0897-47A1-85BD-E855F13BA9B7}.Release|Any CPU.ActiveCfg = Release|Any CPU
		{1F6CCE09-0897-47A1-85BD-E855F13BA9B7}.Release|Any CPU.Build.0 = Release|Any CPU
		{7A36B287-8BA6-4688-99C2-94E64B648868}.Debug|Any CPU.ActiveCfg = Debug|Any CPU
		{7A36B287-8BA6-4688-99C2-94E64B648868}.Debug|Any CPU.Build.0 = Debug|Any CPU
		{7A36B287-8BA6-4688-99C2-94E64B648868}.Release|Any CPU.ActiveCfg = Release|Any CPU
		{7A36B287-8BA6-4688-99C2-94E64B648868}.Release|Any CPU.Build.0 = Release|Any CPU
		{91260892-D923-4047-9A98-4FF2C9F86F46}.Debug|Any CPU.ActiveCfg = Debug|Any CPU
		{91260892-D923-4047-9A98-4FF2C9F86F46}.Debug|Any CPU.Build.0 = Debug|Any CPU
		{91260892-D923-4047-9A98-4FF2C9F86F46}.Release|Any CPU.ActiveCfg = Release|Any CPU
		{91260892-D923-4047-9A98-4FF2C9F86F46}.Release|Any CPU.Build.0 = Release|Any CPU
		{D148104C-6B1D-4468-B6F3-799C5BC7C9B3}.Debug|Any CPU.ActiveCfg = Debug|Any CPU
		{D148104C-6B1D-4468-B6F3-799C5BC7C9B3}.Debug|Any CPU.Build.0 = Debug|Any CPU
		{D148104C-6B1D-4468-B6F3-799C5BC7C9B3}.Release|Any CPU.ActiveCfg = Release|Any CPU
		{D148104C-6B1D-4468-B6F3-799C5BC7C9B3}.Release|Any CPU.Build.0 = Release|Any CPU
	EndGlobalSection
EndGlobal
